
Microsoft Visual Studio Solution File, Format Version 12.00
# Visual Studio Version 16
VisualStudioVersion = 16.0.32228.343
MinimumVisualStudioVersion = 10.0.40219.1
Project("{FAE04EC0-301F-11D3-BF4B-00C04F79EFBC}") = "MDI_Raw_Material", "MDI_Raw_Material.csproj", "{16AFB01D-562B-4E13-B7DE-AE8302738C28}"
EndProject
Global
	GlobalSection(SolutionConfigurationPlatforms) = preSolution
		Debug|Any CPU = Debug|Any CPU
		Release|Any CPU = Release|Any CPU
	EndGlobalSection
	GlobalSection(ProjectConfigurationPlatforms) = postSolution
		{16AFB01D-562B-4E13-B7DE-AE8302738C28}.Debug|Any CPU.ActiveCfg = Debug|Any CPU
		{16AFB01D-562B-4E13-B7DE-AE8302738C28}.Debug|Any CPU.Build.0 = Debug|Any CPU
		{16AFB01D-562B-4E13-B7DE-AE8302738C28}.Release|Any CPU.ActiveCfg = Release|Any CPU
		{16AFB01D-562B-4E13-B7DE-AE8302738C28}.Release|Any CPU.Build.0 = Release|Any CPU
	EndGlobalSection
	GlobalSection(SolutionProperties) = preSolution
		HideSolutionNode = FALSE
	EndGlobalSection
	GlobalSection(ExtensibilityGlobals) = postSolution
		SolutionGuid = {CB1989B1-776A-4ADF-9411-64ABA3F3A5F3}
	EndGlobalSection
EndGlobal
